# @generated - this file is auto-generated by `mise lock` https://mise.en.dev/dev-tools/mise-lock.html

[[tools."aqua:WebAssembly/binaryen"]]
version = "128"
backend = "aqua:WebAssembly/binaryen"

[tools."aqua:WebAssembly/binaryen"."platforms.linux-x64"]
checksum = "sha256:4ce79586d1c4762502eebe9a1db071fa5e446ef8897f2f766eb1cce5ec6dee9e"
url = "https://github.com/WebAssembly/binaryen/releases/download/version_128/binaryen-version_128-x86_64-linux.tar.gz"

[tools."aqua:WebAssembly/binaryen"."platforms.macos-arm64"]
checksum = "sha256:0ef730ecedf2dac894812185fc78f5940ab980cdde79427e49fa87331d24422f"
url = "https://github.com/WebAssembly/binaryen/releases/download/version_128/binaryen-version_128-arm64-macos.tar.gz"

[[tools."aqua:jqlang/jq"]]
version = "1.8.1"
backend = "aqua:jqlang/jq"

[tools."aqua:jqlang/jq"."platforms.linux-x64"]
checksum = "sha256:020468de7539ce70ef1bceaf7cde2e8c4f2ca6c3afb84642aabc5c97d9fc2a0d"
url = "https://github.com/jqlang/jq/releases/download/jq-1.8.1/jq-linux-amd64"
provenance = "github-attestations"

[tools."aqua:jqlang/jq"."platforms.linux-x64-baseline"]
checksum = "sha256:020468de7539ce70ef1bceaf7cde2e8c4f2ca6c3afb84642aabc5c97d9fc2a0d"
url = "https://github.com/jqlang/jq/releases/download/jq-1.8.1/jq-linux-amd64"
provenance = "github-attestations"

[tools."aqua:jqlang/jq"."platforms.linux-x64-musl"]
checksum = "sha256:020468de7539ce70ef1bceaf7cde2e8c4f2ca6c3afb84642aabc5c97d9fc2a0d"
url = "https://github.com/jqlang/jq/releases/download/jq-1.8.1/jq-linux-amd64"
provenance = "github-attestations"

[tools."aqua:jqlang/jq"."platforms.linux-x64-musl-baseline"]
checksum = "sha256:020468de7539ce70ef1bceaf7cde2e8c4f2ca6c3afb84642aabc5c97d9fc2a0d"
url = "https://github.com/jqlang/jq/releases/download/jq-1.8.1/jq-linux-amd64"
provenance = "github-attestations"

[tools."aqua:jqlang/jq"."platforms.macos-arm64"]
checksum = "sha256:a9fe3ea2f86dfc72f6728417521ec9067b343277152b114f4e98d8cb0e263603"
url = "https://github.com/jqlang/jq/releases/download/jq-1.8.1/jq-macos-arm64"
provenance = "github-attestations"

[[tools."aqua:rustwasm/wasm-pack"]]
version = "0.14.0"
backend = "aqua:rustwasm/wasm-pack"

[tools."aqua:rustwasm/wasm-pack"."platforms.linux-x64"]
checksum = "sha256:278a8d668085821f4d1a637bd864f1713f872b0ae3a118c77562a308c0abfe8d"
url = "https://github.com/wasm-bindgen/wasm-pack/releases/download/v0.14.0/wasm-pack-v0.14.0-x86_64-unknown-linux-musl.tar.gz"

[tools."aqua:rustwasm/wasm-pack"."platforms.macos-arm64"]
checksum = "sha256:46b66072ee9912b53f83841aecb04479a60e0705f7bb8b6681b377a07a512a23"
url = "https://github.com/wasm-bindgen/wasm-pack/releases/download/v0.14.0/wasm-pack-v0.14.0-x86_64-apple-darwin.tar.gz"

[[tools.bun]]
version = "1.3.11"
backend = "core:bun"

[tools.bun."platforms.linux-x64"]
checksum = "sha256:8611ba935af886f05a6f38740a15160326c15e5d5d07adef966130b4493607ed"
url = "https://github.com/oven-sh/bun/releases/download/bun-v1.3.11/bun-linux-x64.zip"

[tools.bun."platforms.linux-x64-baseline"]
checksum = "sha256:abe346f63414547cdf6b35b7a649a490c728b93d006226156923918a84c0e59b"
url = "https://github.com/oven-sh/bun/releases/download/bun-v1.3.11/bun-linux-x64-baseline.zip"

[tools.bun."platforms.linux-x64-musl"]
checksum = "sha256:b0fce3bc4fab52f26a1e0d8886dc07fd0c0eb2a274cb343b59c83a2d5997b5b1"
url = "https://github.com/oven-sh/bun/releases/download/bun-v1.3.11/bun-linux-x64-musl.zip"

[tools.bun."platforms.linux-x64-musl-baseline"]
checksum = "sha256:2fa2b697f14ada86a28df771d3876ca7606d7453b2339454893b1937aa9c0c7e"
url = "https://github.com/oven-sh/bun/releases/download/bun-v1.3.11/bun-linux-x64-musl-baseline.zip"

[tools.bun."platforms.macos-arm64"]
checksum = "sha256:6f5a3467ed9caec4795bf78cd476507d9f870c7d57b86c945fcb338126772ffc"
url = "https://github.com/oven-sh/bun/releases/download/bun-v1.3.11/bun-darwin-aarch64.zip"

[[tools."github:oasdiff/oasdiff"]]
version = "1.23.0"
backend = "github:oasdiff/oasdiff"

[tools."github:oasdiff/oasdiff"."platforms.linux-x64"]
checksum = "sha256:972b10535c3db4366b9dc3ebc11ca021279af3095267c3cffdca854a3a3c4f89"
url = "https://github.com/oasdiff/oasdiff/releases/download/v1.23.0/oasdiff_1.23.0_linux_amd64.tar.gz"
url_api = "https://api.github.com/repos/oasdiff/oasdiff/releases/assets/472375442"

[tools."github:oasdiff/oasdiff"."platforms.macos-arm64"]
checksum = "sha256:85598e5b1c756bba9e8d3cda776b91de0cbe5e2c62fda65d36312febed7f9d13"
url = "https://github.com/oasdiff/oasdiff/releases/download/v1.23.0/oasdiff_1.23.0_darwin_all.tar.gz"
url_api = "https://api.github.com/repos/oasdiff/oasdiff/releases/assets/472375452"

[[tools."github:tlaplus/tlaplus"]]
version = "1.7.4"
backend = "github:tlaplus/tlaplus"

[tools."github:tlaplus/tlaplus".options]
asset_pattern = "tla2tools.jar"

[tools."github:tlaplus/tlaplus"."platforms.linux-x64"]
url = "https://github.com/tlaplus/tlaplus/releases/download/v1.7.4/tla2tools.jar"
url_api = "https://api.github.com/repos/tlaplus/tlaplus/releases/assets/184694200"

[tools."github:tlaplus/tlaplus"."platforms.linux-x64-baseline"]
url = "https://github.com/tlaplus/tlaplus/releases/download/v1.7.4/tla2tools.jar"
url_api = "https://api.github.com/repos/tlaplus/tlaplus/releases/assets/184694200"

[tools."github:tlaplus/tlaplus"."platforms.linux-x64-musl"]
url = "https://github.com/tlaplus/tlaplus/releases/download/v1.7.4/tla2tools.jar"
url_api = "https://api.github.com/repos/tlaplus/tlaplus/releases/assets/184694200"

[tools."github:tlaplus/tlaplus"."platforms.linux-x64-musl-baseline"]
url = "https://github.com/tlaplus/tlaplus/releases/download/v1.7.4/tla2tools.jar"
url_api = "https://api.github.com/repos/tlaplus/tlaplus/releases/assets/184694200"

[tools."github:tlaplus/tlaplus"."platforms.macos-arm64"]
checksum = "blake3:36e4d95a99aa33dde9ff7b288bf3092f3dfbb26e450fc9758ee765cdb250ce38"
url = "https://github.com/tlaplus/tlaplus/releases/download/v1.7.4/tla2tools.jar"
url_api = "https://api.github.com/repos/tlaplus/tlaplus/releases/assets/184694200"

[[tools.gradle]]
version = "8.14.3"
backend = "aqua:gradle/gradle"

[tools.gradle."platforms.linux-x64"]
checksum = "sha256:bd71102213493060956ec229d946beee57158dbd89d0e62b91bca0fa2c5f3531"
url = "https://github.com/gradle/gradle-distributions/releases/download/v8.14.3/gradle-8.14.3-bin.zip"

[tools.gradle."platforms.macos-arm64"]
checksum = "sha256:bd71102213493060956ec229d946beee57158dbd89d0e62b91bca0fa2c5f3531"
url = "https://github.com/gradle/gradle-distributions/releases/download/v8.14.3/gradle-8.14.3-bin.zip"

[[tools.java]]
version = "temurin-21.0.11+10.0.LTS"
backend = "core:java"

[tools.java."platforms.linux-x64"]
checksum = "sha256:4b2220e232a97997b436ca6ab15cbf70171ecff52958a46159dfa5a8c44ca4de"
url = "https://github.com/adoptium/temurin21-binaries/releases/download/jdk-21.0.11%2B10/OpenJDK21U-jdk_x64_linux_hotspot_21.0.11_10.tar.gz"

[tools.java."platforms.macos-arm64"]
checksum = "sha256:6ebcf221c9b41507b14c098e93c6ead6440b8d9bd154f8ec666c4c73abbdb201"
url = "https://github.com/adoptium/temurin21-binaries/releases/download/jdk-21.0.11%2B10/OpenJDK21U-jdk_aarch64_mac_hotspot_21.0.11_10.tar.gz"

[[tools."pipx:ansible-core"]]
version = "2.20.3"
backend = "pipx:ansible-core"

[[tools."pipx:ansible-lint"]]
version = "25.6.1"
backend = "pipx:ansible-lint"

[[tools.ruby]]
version = "3.3.0"
backend = "core:ruby"

[tools.ruby.options]
compile = "true"
ruby_build_repo = "https://github.com/rbenv/ruby-build.git"
ruby_install = "false"

[tools.ruby."platforms.linux-x64"]
checksum = "sha256:96518814d9832bece92a85415a819d4893b307db5921ae1f0f751a9a89a56b7d"
url = "https://cache.ruby-lang.org/pub/ruby/3.3/ruby-3.3.0.tar.gz"

[tools.ruby."platforms.macos-arm64"]
checksum = "sha256:96518814d9832bece92a85415a819d4893b307db5921ae1f0f751a9a89a56b7d"
url = "https://cache.ruby-lang.org/pub/ruby/3.3/ruby-3.3.0.tar.gz"

[[tools.rust]]
version = "1.93.0"
backend = "core:rust"

[[tools.shellcheck]]
version = "0.11.0"
backend = "aqua:koalaman/shellcheck"

[tools.shellcheck."platforms.linux-x64"]
checksum = "sha256:8c3be12b05d5c177a04c29e3c78ce89ac86f1595681cab149b65b97c4e227198"
url = "https://github.com/koalaman/shellcheck/releases/download/v0.11.0/shellcheck-v0.11.0.linux.x86_64.tar.xz"

[tools.shellcheck."platforms.macos-arm64"]
checksum = "sha256:56affdd8de5527894dca6dc3d7e0a99a873b0f004d7aabc30ae407d3f48b0a79"
url = "https://github.com/koalaman/shellcheck/releases/download/v0.11.0/shellcheck-v0.11.0.darwin.aarch64.tar.xz"
