# @generated - this file is auto-generated by `mise lock` https://mise.en.dev/dev-tools/mise-lock.html

[[tools."aqua:WebAssembly/binaryen"]]
version = "132"
backend = "aqua:WebAssembly/binaryen"

[tools."aqua:WebAssembly/binaryen"."platforms.linux-x64"]
checksum = "sha256:195ddc94f9bc89f45abdabb0b9eea86023d727ba90eac8b35b80f2544fc30572"
url = "https://github.com/WebAssembly/binaryen/releases/download/version_132/binaryen-version_132-x86_64-linux.tar.gz"

[tools."aqua:WebAssembly/binaryen"."platforms.linux-x64-baseline"]
checksum = "sha256:195ddc94f9bc89f45abdabb0b9eea86023d727ba90eac8b35b80f2544fc30572"
url = "https://github.com/WebAssembly/binaryen/releases/download/version_132/binaryen-version_132-x86_64-linux.tar.gz"

[tools."aqua:WebAssembly/binaryen"."platforms.linux-x64-musl"]
checksum = "sha256:195ddc94f9bc89f45abdabb0b9eea86023d727ba90eac8b35b80f2544fc30572"
url = "https://github.com/WebAssembly/binaryen/releases/download/version_132/binaryen-version_132-x86_64-linux.tar.gz"

[tools."aqua:WebAssembly/binaryen"."platforms.linux-x64-musl-baseline"]
checksum = "sha256:195ddc94f9bc89f45abdabb0b9eea86023d727ba90eac8b35b80f2544fc30572"
url = "https://github.com/WebAssembly/binaryen/releases/download/version_132/binaryen-version_132-x86_64-linux.tar.gz"

[tools."aqua:WebAssembly/binaryen"."platforms.macos-arm64"]
checksum = "sha256:98aad827847af7ef990ed7098d885725c8e5b5aae75073403635617ae4e259aa"
url = "https://github.com/WebAssembly/binaryen/releases/download/version_132/binaryen-version_132-arm64-macos.tar.gz"

[[tools."aqua:jqlang/jq"]]
version = "1.8.2"
backend = "aqua:jqlang/jq"

[tools."aqua:jqlang/jq"."platforms.linux-x64"]
checksum = "sha256:b1c22172dd303f3be49e935aa56aa48a8b7a46e0bc838b4997d3bb451495870f"
url = "https://github.com/jqlang/jq/releases/download/jq-1.8.2/jq-linux-amd64"
provenance = "github-attestations"

[tools."aqua:jqlang/jq"."platforms.linux-x64-baseline"]
checksum = "sha256:b1c22172dd303f3be49e935aa56aa48a8b7a46e0bc838b4997d3bb451495870f"
url = "https://github.com/jqlang/jq/releases/download/jq-1.8.2/jq-linux-amd64"
provenance = "github-attestations"

[tools."aqua:jqlang/jq"."platforms.linux-x64-musl"]
checksum = "sha256:b1c22172dd303f3be49e935aa56aa48a8b7a46e0bc838b4997d3bb451495870f"
url = "https://github.com/jqlang/jq/releases/download/jq-1.8.2/jq-linux-amd64"
provenance = "github-attestations"

[tools."aqua:jqlang/jq"."platforms.linux-x64-musl-baseline"]
checksum = "sha256:b1c22172dd303f3be49e935aa56aa48a8b7a46e0bc838b4997d3bb451495870f"
url = "https://github.com/jqlang/jq/releases/download/jq-1.8.2/jq-linux-amd64"
provenance = "github-attestations"

[tools."aqua:jqlang/jq"."platforms.macos-arm64"]
checksum = "sha256:2d75340ba57a4b4b4c8708a21c2dc8e958a48aaa8bba13b27f77f6e4c0eca07e"
url = "https://github.com/jqlang/jq/releases/download/jq-1.8.2/jq-macos-arm64"
provenance = "github-attestations"

[[tools."aqua:rustwasm/wasm-pack"]]
version = "0.15.0"
backend = "aqua:rustwasm/wasm-pack"

[tools."aqua:rustwasm/wasm-pack"."platforms.linux-x64"]
checksum = "sha256:c09f971ecaed9a2efc80fdcea7a00ef6b53c7fadc8c57d1f61b53a6aa66b668a"
url = "https://github.com/wasm-bindgen/wasm-pack/releases/download/v0.15.0/wasm-pack-v0.15.0-x86_64-unknown-linux-musl.tar.gz"

[tools."aqua:rustwasm/wasm-pack"."platforms.linux-x64-baseline"]
checksum = "sha256:c09f971ecaed9a2efc80fdcea7a00ef6b53c7fadc8c57d1f61b53a6aa66b668a"
url = "https://github.com/wasm-bindgen/wasm-pack/releases/download/v0.15.0/wasm-pack-v0.15.0-x86_64-unknown-linux-musl.tar.gz"

[tools."aqua:rustwasm/wasm-pack"."platforms.linux-x64-musl"]
checksum = "sha256:c09f971ecaed9a2efc80fdcea7a00ef6b53c7fadc8c57d1f61b53a6aa66b668a"
url = "https://github.com/wasm-bindgen/wasm-pack/releases/download/v0.15.0/wasm-pack-v0.15.0-x86_64-unknown-linux-musl.tar.gz"

[tools."aqua:rustwasm/wasm-pack"."platforms.linux-x64-musl-baseline"]
checksum = "sha256:c09f971ecaed9a2efc80fdcea7a00ef6b53c7fadc8c57d1f61b53a6aa66b668a"
url = "https://github.com/wasm-bindgen/wasm-pack/releases/download/v0.15.0/wasm-pack-v0.15.0-x86_64-unknown-linux-musl.tar.gz"

[tools."aqua:rustwasm/wasm-pack"."platforms.macos-arm64"]
checksum = "sha256:d3f1a4a33e95f8f0d7801b024e08624c479999ac96aa150908b2394015cd0363"
url = "https://github.com/wasm-bindgen/wasm-pack/releases/download/v0.15.0/wasm-pack-v0.15.0-x86_64-apple-darwin.tar.gz"

[[tools.bun]]
version = "1.4.2"
backend = "core:bun"

[tools.bun."platforms.linux-x64"]
checksum = "sha256:36368faef7527875d5ffa52e53cd48021741f2a83eb6208a8dd64068d422a913"
url = "https://github.com/oven-sh/bun/releases/download/bun-v1.4.2/bun-linux-x64.zip"

[tools.bun."platforms.linux-x64-baseline"]
checksum = "sha256:c678040f14fe0440eb839d37cbd0ce4c051a32da72806ac97de6a6aab6bf728f"
url = "https://github.com/oven-sh/bun/releases/download/bun-v1.4.2/bun-linux-x64-baseline.zip"

[tools.bun."platforms.linux-x64-musl"]
checksum = "sha256:4835eca59d6da70f4674f5642f6e459dcadab773695b2ed9922d131057989742"
url = "https://github.com/oven-sh/bun/releases/download/bun-v1.4.2/bun-linux-x64-musl.zip"

[tools.bun."platforms.linux-x64-musl-baseline"]
checksum = "sha256:76e1db84e98f22f78de0a87e309bfbbf297732847f9720db36750646c85c8c18"
url = "https://github.com/oven-sh/bun/releases/download/bun-v1.4.2/bun-linux-x64-musl-baseline.zip"

[tools.bun."platforms.macos-arm64"]
checksum = "sha256:90987a3a16d7db556d886ac3d551e7b6d3edf0a1cf43acaed622e8676be1d12f"
url = "https://github.com/oven-sh/bun/releases/download/bun-v1.4.2/bun-darwin-aarch64.zip"

[[tools."github:oasdiff/oasdiff"]]
version = "1.31.0"
backend = "github:oasdiff/oasdiff"

[tools."github:oasdiff/oasdiff"."platforms.linux-x64"]
checksum = "sha256:0177d4bc0bf04f4061e9277795b77335ee100a43b508e94fce5c46de083bbede"
url = "https://github.com/oasdiff/oasdiff/releases/download/v1.31.0/oasdiff_1.31.0_linux_amd64.tar.gz"
url_api = "https://api.github.com/repos/oasdiff/oasdiff/releases/assets/545507276"

[tools."github:oasdiff/oasdiff"."platforms.linux-x64-baseline"]
checksum = "sha256:0177d4bc0bf04f4061e9277795b77335ee100a43b508e94fce5c46de083bbede"
url = "https://github.com/oasdiff/oasdiff/releases/download/v1.31.0/oasdiff_1.31.0_linux_amd64.tar.gz"
url_api = "https://api.github.com/repos/oasdiff/oasdiff/releases/assets/545507276"

[tools."github:oasdiff/oasdiff"."platforms.linux-x64-musl"]
checksum = "sha256:0177d4bc0bf04f4061e9277795b77335ee100a43b508e94fce5c46de083bbede"
url = "https://github.com/oasdiff/oasdiff/releases/download/v1.31.0/oasdiff_1.31.0_linux_amd64.tar.gz"
url_api = "https://api.github.com/repos/oasdiff/oasdiff/releases/assets/545507276"

[tools."github:oasdiff/oasdiff"."platforms.linux-x64-musl-baseline"]
checksum = "sha256:0177d4bc0bf04f4061e9277795b77335ee100a43b508e94fce5c46de083bbede"
url = "https://github.com/oasdiff/oasdiff/releases/download/v1.31.0/oasdiff_1.31.0_linux_amd64.tar.gz"
url_api = "https://api.github.com/repos/oasdiff/oasdiff/releases/assets/545507276"

[tools."github:oasdiff/oasdiff"."platforms.macos-arm64"]
checksum = "sha256:920639cc49da700e37ec070b6981686d6fa2f02d036aa18aeb62e1445ffd9286"
url = "https://github.com/oasdiff/oasdiff/releases/download/v1.31.0/oasdiff_1.31.0_darwin_all.tar.gz"
url_api = "https://api.github.com/repos/oasdiff/oasdiff/releases/assets/545507282"

[[tools."github:tlaplus/tlaplus"]]
version = "1.7.4"
backend = "github:tlaplus/tlaplus"

[tools."github:tlaplus/tlaplus".options]
asset_pattern = "tla2tools.jar"

[tools."github:tlaplus/tlaplus"."platforms.linux-x64"]
url = "https://github.com/tlaplus/tlaplus/releases/download/v1.7.4/tla2tools.jar"
url_api = "https://api.github.com/repos/tlaplus/tlaplus/releases/assets/184694200"

[tools."github:tlaplus/tlaplus"."platforms.linux-x64-baseline"]
url = "https://github.com/tlaplus/tlaplus/releases/download/v1.7.4/tla2tools.jar"
url_api = "https://api.github.com/repos/tlaplus/tlaplus/releases/assets/184694200"

[tools."github:tlaplus/tlaplus"."platforms.linux-x64-musl"]
url = "https://github.com/tlaplus/tlaplus/releases/download/v1.7.4/tla2tools.jar"
url_api = "https://api.github.com/repos/tlaplus/tlaplus/releases/assets/184694200"

[tools."github:tlaplus/tlaplus"."platforms.linux-x64-musl-baseline"]
url = "https://github.com/tlaplus/tlaplus/releases/download/v1.7.4/tla2tools.jar"
url_api = "https://api.github.com/repos/tlaplus/tlaplus/releases/assets/184694200"

[tools."github:tlaplus/tlaplus"."platforms.macos-arm64"]
checksum = "blake3:36e4d95a99aa33dde9ff7b288bf3092f3dfbb26e450fc9758ee765cdb250ce38"
url = "https://github.com/tlaplus/tlaplus/releases/download/v1.7.4/tla2tools.jar"
url_api = "https://api.github.com/repos/tlaplus/tlaplus/releases/assets/184694200"

[[tools.gradle]]
version = "9.7.1"
backend = "aqua:gradle/gradle"

[tools.gradle."platforms.linux-x64"]
checksum = "sha256:acd53f1edaf02f1a8ff99879f8a34b302661a057d9b063ae9e35b552f804d20a"
url = "https://github.com/gradle/gradle-distributions/releases/download/v9.7.1/gradle-9.7.1-bin.zip"

[tools.gradle."platforms.linux-x64-baseline"]
checksum = "sha256:acd53f1edaf02f1a8ff99879f8a34b302661a057d9b063ae9e35b552f804d20a"
url = "https://github.com/gradle/gradle-distributions/releases/download/v9.7.1/gradle-9.7.1-bin.zip"

[tools.gradle."platforms.linux-x64-musl"]
checksum = "sha256:acd53f1edaf02f1a8ff99879f8a34b302661a057d9b063ae9e35b552f804d20a"
url = "https://github.com/gradle/gradle-distributions/releases/download/v9.7.1/gradle-9.7.1-bin.zip"

[tools.gradle."platforms.linux-x64-musl-baseline"]
checksum = "sha256:acd53f1edaf02f1a8ff99879f8a34b302661a057d9b063ae9e35b552f804d20a"
url = "https://github.com/gradle/gradle-distributions/releases/download/v9.7.1/gradle-9.7.1-bin.zip"

[tools.gradle."platforms.macos-arm64"]
checksum = "sha256:acd53f1edaf02f1a8ff99879f8a34b302661a057d9b063ae9e35b552f804d20a"
url = "https://github.com/gradle/gradle-distributions/releases/download/v9.7.1/gradle-9.7.1-bin.zip"

[[tools.java]]
version = "temurin-21.0.12+101.0.LTS"
backend = "core:java"

[tools.java."platforms.linux-x64"]
checksum = "sha256:ce79869e1307ed8ee1e2baa86a412b1eb5b75d10a01006d788a6f968bcfaee94"
url = "https://github.com/adoptium/temurin21-binaries/releases/download/jdk-21.0.12.1%2B1/OpenJDK21U-jdk_x64_linux_hotspot_21.0.12.1_1.tar.gz"

[tools.java."platforms.linux-x64-baseline"]
checksum = "sha256:ce79869e1307ed8ee1e2baa86a412b1eb5b75d10a01006d788a6f968bcfaee94"
url = "https://github.com/adoptium/temurin21-binaries/releases/download/jdk-21.0.12.1%2B1/OpenJDK21U-jdk_x64_linux_hotspot_21.0.12.1_1.tar.gz"

[tools.java."platforms.linux-x64-musl"]
checksum = "sha256:bd8824214e42b33333c7f55a039ea078ad6ea6be20d7c5b011c801fb2bdb44f0"
url = "https://github.com/adoptium/temurin21-binaries/releases/download/jdk-21.0.12.1%2B1/OpenJDK21U-jdk_x64_alpine-linux_hotspot_21.0.12.1_1.tar.gz"

[tools.java."platforms.linux-x64-musl-baseline"]
checksum = "sha256:bd8824214e42b33333c7f55a039ea078ad6ea6be20d7c5b011c801fb2bdb44f0"
url = "https://github.com/adoptium/temurin21-binaries/releases/download/jdk-21.0.12.1%2B1/OpenJDK21U-jdk_x64_alpine-linux_hotspot_21.0.12.1_1.tar.gz"

[tools.java."platforms.macos-arm64"]
checksum = "sha256:3623232f33a9c3baadf304480b2535f9a3cba8a58d42ecbb438ba267315d9998"
url = "https://github.com/adoptium/temurin21-binaries/releases/download/jdk-21.0.12.1%2B1/OpenJDK21U-jdk_aarch64_mac_hotspot_21.0.12.1_1.tar.gz"

[[tools."pipx:ansible-core"]]
version = "2.21.3"
backend = "pipx:ansible-core"

[[tools."pipx:ansible-lint"]]
version = "26.8.0"
backend = "pipx:ansible-lint"

[[tools.ruby]]
version = "4.0.6"
backend = "core:ruby"

[tools.ruby.options]
compile = "true"
ruby_build_repo = "https://github.com/rbenv/ruby-build.git"
ruby_install = "false"

[tools.ruby."platforms.linux-x64"]
checksum = "sha256:837d299e8f7ddf2be31a229a7a7e019d354979825117989acb3b32b1a9be262a"
url = "https://cache.ruby-lang.org/pub/ruby/4.0/ruby-4.0.6.tar.gz"

[tools.ruby."platforms.linux-x64-baseline"]
checksum = "sha256:837d299e8f7ddf2be31a229a7a7e019d354979825117989acb3b32b1a9be262a"
url = "https://cache.ruby-lang.org/pub/ruby/4.0/ruby-4.0.6.tar.gz"

[tools.ruby."platforms.linux-x64-musl"]
checksum = "sha256:837d299e8f7ddf2be31a229a7a7e019d354979825117989acb3b32b1a9be262a"
url = "https://cache.ruby-lang.org/pub/ruby/4.0/ruby-4.0.6.tar.gz"

[tools.ruby."platforms.linux-x64-musl-baseline"]
checksum = "sha256:837d299e8f7ddf2be31a229a7a7e019d354979825117989acb3b32b1a9be262a"
url = "https://cache.ruby-lang.org/pub/ruby/4.0/ruby-4.0.6.tar.gz"

[tools.ruby."platforms.macos-arm64"]
checksum = "sha256:837d299e8f7ddf2be31a229a7a7e019d354979825117989acb3b32b1a9be262a"
url = "https://cache.ruby-lang.org/pub/ruby/4.0/ruby-4.0.6.tar.gz"

[[tools.rust]]
version = "1.98.1"
backend = "core:rust"

[[tools.shellcheck]]
version = "0.11.0"
backend = "aqua:koalaman/shellcheck"

[tools.shellcheck."platforms.linux-x64"]
checksum = "sha256:8c3be12b05d5c177a04c29e3c78ce89ac86f1595681cab149b65b97c4e227198"
url = "https://github.com/koalaman/shellcheck/releases/download/v0.11.0/shellcheck-v0.11.0.linux.x86_64.tar.xz"

[tools.shellcheck."platforms.macos-arm64"]
checksum = "sha256:56affdd8de5527894dca6dc3d7e0a99a873b0f004d7aabc30ae407d3f48b0a79"
url = "https://github.com/koalaman/shellcheck/releases/download/v0.11.0/shellcheck-v0.11.0.darwin.aarch64.tar.xz"

[[tools.terraform]]
version = "1.16.1"
backend = "aqua:hashicorp/terraform"

[tools.terraform."platforms.linux-x64"]
checksum = "sha256:745d33b4b02b7980c62a38ec1beea24ee084ea8caf3f503c200554bd9a0cbe49"
url = "https://releases.hashicorp.com/terraform/1.16.1/terraform_1.16.1_linux_amd64.zip"

[tools.terraform."platforms.linux-x64-baseline"]
checksum = "sha256:745d33b4b02b7980c62a38ec1beea24ee084ea8caf3f503c200554bd9a0cbe49"
url = "https://releases.hashicorp.com/terraform/1.16.1/terraform_1.16.1_linux_amd64.zip"

[tools.terraform."platforms.linux-x64-musl"]
checksum = "sha256:745d33b4b02b7980c62a38ec1beea24ee084ea8caf3f503c200554bd9a0cbe49"
url = "https://releases.hashicorp.com/terraform/1.16.1/terraform_1.16.1_linux_amd64.zip"

[tools.terraform."platforms.linux-x64-musl-baseline"]
checksum = "sha256:745d33b4b02b7980c62a38ec1beea24ee084ea8caf3f503c200554bd9a0cbe49"
url = "https://releases.hashicorp.com/terraform/1.16.1/terraform_1.16.1_linux_amd64.zip"

[tools.terraform."platforms.macos-arm64"]
checksum = "sha256:e22cba761ddbd4d218939b28715ab3af37aaf8a42efa41f7d75b2c3d73636060"
url = "https://releases.hashicorp.com/terraform/1.16.1/terraform_1.16.1_darwin_arm64.zip"

[[tools.tflint]]
version = "0.64.0"
backend = "aqua:terraform-linters/tflint"

[tools.tflint."platforms.linux-x64"]
checksum = "sha256:cca9d13e2e1d7a2c627af60ff899a3c9b74212899416aeb96ec764d2ef954537"
url = "https://github.com/terraform-linters/tflint/releases/download/v0.64.0/tflint_linux_amd64.zip"
provenance = "github-attestations"

[tools.tflint."platforms.linux-x64-baseline"]
checksum = "sha256:cca9d13e2e1d7a2c627af60ff899a3c9b74212899416aeb96ec764d2ef954537"
url = "https://github.com/terraform-linters/tflint/releases/download/v0.64.0/tflint_linux_amd64.zip"
provenance = "github-attestations"

[tools.tflint."platforms.linux-x64-musl"]
checksum = "sha256:cca9d13e2e1d7a2c627af60ff899a3c9b74212899416aeb96ec764d2ef954537"
url = "https://github.com/terraform-linters/tflint/releases/download/v0.64.0/tflint_linux_amd64.zip"
provenance = "github-attestations"

[tools.tflint."platforms.linux-x64-musl-baseline"]
checksum = "sha256:cca9d13e2e1d7a2c627af60ff899a3c9b74212899416aeb96ec764d2ef954537"
url = "https://github.com/terraform-linters/tflint/releases/download/v0.64.0/tflint_linux_amd64.zip"
provenance = "github-attestations"

[tools.tflint."platforms.macos-arm64"]
checksum = "sha256:2496e9cb3d24992d553b45e7c87a0fdc9449ca975233876247a9bfeda857e6c0"
url = "https://github.com/terraform-linters/tflint/releases/download/v0.64.0/tflint_darwin_arm64.zip"
provenance = "github-attestations"
