PODS:
  - Capacitor (8.1.0):
    - CapacitorCordova
  - CapacitorApp (8.0.1):
    - Capacitor
  - CapacitorCommunitySqlite (8.0.0):
    - Capacitor
    - SQLCipher
    - ZIPFoundation
  - CapacitorCordova (8.1.0)
  - CapacitorFilesystem (8.1.2):
    - Capacitor
    - IONFilesystemLib (~> 1.1.1)
  - CapacitorKeyboard (8.0.1):
    - Capacitor
  - CapacitorShare (8.0.1):
    - Capacitor
  - CapawesomeCapacitorFilePicker (8.0.2):
    - Capacitor
  - CapgoCapacitorNativeBiometric (7.1.13):
    - Capacitor
  - IONFilesystemLib (1.1.1)
  - SQLCipher (4.10.0):
    - SQLCipher/standard (= 4.10.0)
  - SQLCipher/common (4.10.0)
  - SQLCipher/standard (4.10.0):
    - SQLCipher/common
  - ZIPFoundation (0.9.20)

DEPENDENCIES:
  - "Capacitor (from `../../../../node_modules/.pnpm/@capacitor+ios@8.1.0_@capacitor+core@8.1.0/node_modules/@capacitor/ios`)"
  - "CapacitorApp (from `../../../../node_modules/.pnpm/@capacitor+app@8.0.1_@capacitor+core@8.1.0/node_modules/@capacitor/app`)"
  - "CapacitorCommunitySqlite (from `../../../../node_modules/.pnpm/@capacitor-community+sqlite@8.0.0_@capacitor+core@8.1.0/node_modules/@capacitor-community/sqlite`)"
  - "CapacitorCordova (from `../../../../node_modules/.pnpm/@capacitor+ios@8.1.0_@capacitor+core@8.1.0/node_modules/@capacitor/ios`)"
  - "CapacitorFilesystem (from `../../../../node_modules/.pnpm/@capacitor+filesystem@8.1.2_@capacitor+core@8.1.0/node_modules/@capacitor/filesystem`)"
  - "CapacitorKeyboard (from `../../../../node_modules/.pnpm/@capacitor+keyboard@8.0.1_@capacitor+core@8.1.0/node_modules/@capacitor/keyboard`)"
  - "CapacitorShare (from `../../../../node_modules/.pnpm/@capacitor+share@8.0.1_@capacitor+core@8.1.0/node_modules/@capacitor/share`)"
  - "CapawesomeCapacitorFilePicker (from `../../../../node_modules/.pnpm/@capawesome+capacitor-file-picker@8.0.2_@capacitor+core@8.1.0/node_modules/@capawesome/capacitor-file-picker`)"
  - "CapgoCapacitorNativeBiometric (from `../../../../node_modules/.pnpm/@capgo+capacitor-native-biometric@8.4.2_@capacitor+core@8.1.0/node_modules/@capgo/capacitor-native-biometric`)"

SPEC REPOS:
  trunk:
    - IONFilesystemLib
    - SQLCipher
    - ZIPFoundation

EXTERNAL SOURCES:
  Capacitor:
    :path: "../../../../node_modules/.pnpm/@capacitor+ios@8.1.0_@capacitor+core@8.1.0/node_modules/@capacitor/ios"
  CapacitorApp:
    :path: "../../../../node_modules/.pnpm/@capacitor+app@8.0.1_@capacitor+core@8.1.0/node_modules/@capacitor/app"
  CapacitorCommunitySqlite:
    :path: "../../../../node_modules/.pnpm/@capacitor-community+sqlite@8.0.0_@capacitor+core@8.1.0/node_modules/@capacitor-community/sqlite"
  CapacitorCordova:
    :path: "../../../../node_modules/.pnpm/@capacitor+ios@8.1.0_@capacitor+core@8.1.0/node_modules/@capacitor/ios"
  CapacitorFilesystem:
    :path: "../../../../node_modules/.pnpm/@capacitor+filesystem@8.1.2_@capacitor+core@8.1.0/node_modules/@capacitor/filesystem"
  CapacitorKeyboard:
    :path: "../../../../node_modules/.pnpm/@capacitor+keyboard@8.0.1_@capacitor+core@8.1.0/node_modules/@capacitor/keyboard"
  CapacitorShare:
    :path: "../../../../node_modules/.pnpm/@capacitor+share@8.0.1_@capacitor+core@8.1.0/node_modules/@capacitor/share"
  CapawesomeCapacitorFilePicker:
    :path: "../../../../node_modules/.pnpm/@capawesome+capacitor-file-picker@8.0.2_@capacitor+core@8.1.0/node_modules/@capawesome/capacitor-file-picker"
  CapgoCapacitorNativeBiometric:
    :path: "../../../../node_modules/.pnpm/@capgo+capacitor-native-biometric@8.4.2_@capacitor+core@8.1.0/node_modules/@capgo/capacitor-native-biometric"

SPEC CHECKSUMS:
  Capacitor: 47b825120c6b8b6d6f9f053e9350a8960d436710
  CapacitorApp: 942306cd1acf7774a00e89a3986af3a67c8cad7a
  CapacitorCommunitySqlite: 8a61c1d599927d4321c13b28f132de8ca94b6d95
  CapacitorCordova: e8b76fd95fc1e157775abc484c59cc0de464095d
  CapacitorFilesystem: 2db285a1ac6e475cc27cae2e1bea999000f9e2be
  CapacitorKeyboard: 867eb4b3c901d9bb5c3d0c93b546185d52484e19
  CapacitorShare: 0c58305114538568059bfc07111f22dcb9cb2a82
  CapawesomeCapacitorFilePicker: eb29fb54c59614fede51e0e0fe25070dda9d024c
  CapgoCapacitorNativeBiometric: c9a116d9516b3f52dd335aea6a0c5073be36fe5a
  IONFilesystemLib: dfa8706539ac9ab77ccfd6e5b3830ce9b5e57f6c
  SQLCipher: eb79c64049cb002b4e9fcb30edb7979bf4706dfc
  ZIPFoundation: dfd3d681c4053ff7e2f7350bc4e53b5dba3f5351

PODFILE CHECKSUM: 203b8bde55f2233cb41b033282b86e124077c445

COCOAPODS: 1.16.2
